<?xml version="1.0" encoding="utf-8"?>
<Project ToolsVersion="15.0" xmlns="http://schemas.microsoft.com/developer/msbuild/2003">
  <ItemGroup>
    <ClCompile Include="D:\MyProject\d2hackmap\src\AutoEnchant.cpp">
      <Filter>Source Files</Filter>
    </ClCompile>
    <ClCompile Include="D:\MyProject\d2hackmap\src\AutoMap.cpp">
      <Filter>Source Files</Filter>
    </ClCompile>
    <ClCompile Include="D:\MyProject\d2hackmap\src\AutoMapBlob.cpp">
      <Filter>Source Files</Filter>
    </ClCompile>
    <ClCompile Include="D:\MyProject\d2hackmap\src\AutoMapCell.cpp">
      <Filter>Source Files</Filter>
    </ClCompile>
    <ClCompile Include="D:\MyProject\d2hackmap\src\CheckDangerous.cpp">
      <Filter>Source Files</Filter>
    </ClCompile>
    <ClCompile Include="D:\MyProject\d2hackmap\src\D2CallStub.cpp">
      <Filter>Source Files</Filter>
    </ClCompile>
    <ClCompile Include="D:\MyProject\d2hackmap\src\D2HelpFunc.cpp">
      <Filter>Source Files</Filter>
    </ClCompile>
    <ClCompile Include="D:\MyProject\d2hackmap\src\Environment.cpp">
      <Filter>Source Files</Filter>
    </ClCompile>
    <ClCompile Include="D:\MyProject\d2hackmap\src\GameChat.cpp">
      <Filter>Source Files</Filter>
    </ClCompile>
    <ClCompile Include="D:\MyProject\d2hackmap\src\GameCount.cpp">
      <Filter>Source Files</Filter>
    </ClCompile>
    <ClCompile Include="D:\MyProject\d2hackmap\src\GameFilter.cpp">
      <Filter>Source Files</Filter>
    </ClCompile>
    <ClCompile Include="D:\MyProject\d2hackmap\src\GameMainLoop.cpp">
      <Filter>Source Files</Filter>
    </ClCompile>
    <ClCompile Include="D:\MyProject\d2hackmap\src\GameMonitor.cpp">
      <Filter>Source Files</Filter>
    </ClCompile>
    <ClCompile Include="D:\MyProject\d2hackmap\src\GameWindow.cpp">
      <Filter>Source Files</Filter>
    </ClCompile>
    <ClCompile Include="D:\MyProject\d2hackmap\src\GlobalVariable.cpp">
      <Filter>Source Files</Filter>
    </ClCompile>
    <ClCompile Include="D:\MyProject\d2hackmap\src\HelpFunc.cpp">
      <Filter>Source Files</Filter>
    </ClCompile>
    <ClCompile Include="D:\MyProject\d2hackmap\src\IMEProtect.cpp">
      <Filter>Source Files</Filter>
    </ClCompile>
    <ClCompile Include="D:\MyProject\d2hackmap\src\Install.cpp">
      <Filter>Source Files</Filter>
    </ClCompile>
    <ClCompile Include="D:\MyProject\d2hackmap\src\ItemDefine.cpp">
      <Filter>Source Files</Filter>
    </ClCompile>
    <ClCompile Include="D:\MyProject\d2hackmap\src\ItemDesc.cpp">
      <Filter>Source Files</Filter>
    </ClCompile>
    <ClCompile Include="D:\MyProject\d2hackmap\src\ItemExtInfo.cpp">
      <Filter>Source Files</Filter>
    </ClCompile>
    <ClCompile Include="D:\MyProject\d2hackmap\src\ItemInGround.cpp">
      <Filter>Source Files</Filter>
    </ClCompile>
    <ClCompile Include="D:\MyProject\d2hackmap\src\ItemName.cpp">
      <Filter>Source Files</Filter>
    </ClCompile>
    <ClCompile Include="D:\MyProject\d2hackmap\src\ItemSocketProtect.cpp">
      <Filter>Source Files</Filter>
    </ClCompile>
    <ClCompile Include="D:\MyProject\d2hackmap\src\ItemVariableProp.cpp">
      <Filter>Source Files</Filter>
    </ClCompile>
    <ClCompile Include="D:\MyProject\d2hackmap\src\KeyEventControl.cpp">
      <Filter>Source Files</Filter>
    </ClCompile>
    <ClCompile Include="D:\MyProject\d2hackmap\src\LoadConfig.cpp">
      <Filter>Source Files</Filter>
    </ClCompile>
    <ClCompile Include="D:\MyProject\d2hackmap\src\LockWindow.cpp">
      <Filter>Source Files</Filter>
    </ClCompile>
    <ClCompile Include="D:\MyProject\d2hackmap\src\MessageLog.cpp">
      <Filter>Source Files</Filter>
    </ClCompile>
    <ClCompile Include="D:\MyProject\d2hackmap\src\MinimapPoint.cpp">
      <Filter>Source Files</Filter>
    </ClCompile>
    <ClCompile Include="D:\MyProject\d2hackmap\src\MonsterColour.cpp">
      <Filter>Source Files</Filter>
    </ClCompile>
    <ClCompile Include="D:\MyProject\d2hackmap\src\MonsterDeath.cpp">
      <Filter>Source Files</Filter>
    </ClCompile>
    <ClCompile Include="D:\MyProject\d2hackmap\src\MonsterLifeBar.cpp">
      <Filter>Source Files</Filter>
    </ClCompile>
    <ClCompile Include="D:\MyProject\d2hackmap\src\MonsterTC.cpp">
      <Filter>Source Files</Filter>
    </ClCompile>
    <ClCompile Include="D:\MyProject\d2hackmap\src\NsPassBugFix.cpp">
      <Filter>Source Files</Filter>
    </ClCompile>
    <ClCompile Include="D:\MyProject\d2hackmap\src\OutTownSelect.cpp">
      <Filter>Source Files</Filter>
    </ClCompile>
    <ClCompile Include="D:\MyProject\d2hackmap\src\PacketHandler.cpp">
      <Filter>Source Files</Filter>
    </ClCompile>
    <ClCompile Include="D:\MyProject\d2hackmap\src\PartyHelp.cpp">
      <Filter>Source Files</Filter>
    </ClCompile>
    <ClCompile Include="D:\MyProject\d2hackmap\src\PartyInfo.cpp">
      <Filter>Source Files</Filter>
    </ClCompile>
    <ClCompile Include="D:\MyProject\d2hackmap\src\PermShowItem.cpp">
      <Filter>Source Files</Filter>
    </ClCompile>
    <ClCompile Include="D:\MyProject\d2hackmap\src\PlayerLifeBar.cpp">
      <Filter>Source Files</Filter>
    </ClCompile>
    <ClCompile Include="D:\MyProject\d2hackmap\src\QuestProtect.cpp">
      <Filter>Source Files</Filter>
    </ClCompile>
    <ClCompile Include="D:\MyProject\d2hackmap\src\QuickBackTown.cpp">
      <Filter>Source Files</Filter>
    </ClCompile>
    <ClCompile Include="D:\MyProject\d2hackmap\src\QuickGame.cpp">
      <Filter>Source Files</Filter>
    </ClCompile>
    <ClCompile Include="D:\MyProject\d2hackmap\src\QuickSwapItem.cpp">
      <Filter>Source Files</Filter>
    </ClCompile>
    <ClCompile Include="D:\MyProject\d2hackmap\src\RoomArea.cpp">
      <Filter>Source Files</Filter>
    </ClCompile>
    <ClCompile Include="D:\MyProject\d2hackmap\src\RoomInfo.cpp">
      <Filter>Source Files</Filter>
    </ClCompile>
    <ClCompile Include="D:\MyProject\d2hackmap\src\RunTo.cpp">
      <Filter>Source Files</Filter>
    </ClCompile>
    <ClCompile Include="D:\MyProject\d2hackmap\src\ScreenHook.cpp">
      <Filter>Source Files</Filter>
    </ClCompile>
    <ClCompile Include="D:\MyProject\d2hackmap\src\ScrollLock.cpp">
      <Filter>Source Files</Filter>
    </ClCompile>
    <ClCompile Include="D:\MyProject\d2hackmap\src\ShowOrbs.cpp">
      <Filter>Source Files</Filter>
    </ClCompile>
    <ClCompile Include="D:\MyProject\d2hackmap\src\SkipNpcMessage.cpp">
      <Filter>Source Files</Filter>
    </ClCompile>
    <ClCompile Include="D:\MyProject\d2hackmap\src\Socket.cpp">
      <Filter>Source Files</Filter>
    </ClCompile>
    <ClCompile Include="D:\MyProject\d2hackmap\src\Test.cpp">
      <Filter>Source Files</Filter>
    </ClCompile>
    <ClCompile Include="D:\MyProject\d2hackmap\src\TransGoldHelp.cpp">
      <Filter>Source Files</Filter>
    </ClCompile>
    <ClCompile Include="D:\MyProject\d2hackmap\src\ULCPath.cpp">
      <Filter>Source Files</Filter>
    </ClCompile>
    <ClCompile Include="D:\MyProject\d2hackmap\src\UnicodeSupport.cpp">
      <Filter>Source Files</Filter>
    </ClCompile>
    <ClCompile Include="D:\MyProject\d2hackmap\src\ViewTargetUnitInfo.cpp">
      <Filter>Source Files</Filter>
    </ClCompile>
    <ClCompile Include="D:\MyProject\d2hackmap\src\ViewUnitStat.cpp">
      <Filter>Source Files</Filter>
    </ClCompile>
    <ClCompile Include="D:\MyProject\d2hackmap\src\_libEntry.cpp">
      <Filter>Source Files</Filter>
    </ClCompile>
    <ClCompile Include="D:\MyProject\d2hackmap\src\stdafx.cpp">
      <Filter>Source Files</Filter>
    </ClCompile>
  </ItemGroup>
  <ItemGroup>
    <CustomBuild Include="D:\MyProject\d2hackmap\build\CMakeLists.txt" />
  </ItemGroup>
  <ItemGroup>
    <Filter Include="Source Files">
      <UniqueIdentifier>{F3E55F20-D684-346C-B62F-B879B58EAB9B}</UniqueIdentifier>
    </Filter>
  </ItemGroup>
</Project>
